// !$*UTF8*$!
{
	archiveVersion = 1;
	classes = {
	};
	objectVersion = 46;
	objects = {

/* Begin PBXBuildFile section */
		136561C51B1C386B00FFF6ED /* AppDelegate.swift in Sources */ = {isa = PBXBuildFile; fileRef = 136561C41B1C386B00FFF6ED /* AppDelegate.swift */; };
		136561C71B1C386B00FFF6ED /* LoginViewController.swift in Sources */ = {isa = PBXBuildFile; fileRef = 136561C61B1C386B00FFF6ED /* LoginViewController.swift */; };
		136561CA1B1C386B00FFF6ED /* Main.storyboard in Resources */ = {isa = PBXBuildFile; fileRef = 136561C81B1C386B00FFF6ED /* Main.storyboard */; };
		136561CC1B1C386B00FFF6ED /* Images.xcassets in Resources */ = {isa = PBXBuildFile; fileRef = 136561CB1B1C386B00FFF6ED /* Images.xcassets */; };
		136561CF1B1C386B00FFF6ED /* LaunchScreen.xib in Resources */ = {isa = PBXBuildFile; fileRef = 136561CD1B1C386B00FFF6ED /* LaunchScreen.xib */; };
		136561DB1B1C386B00FFF6ED /* ChatTests.swift in Sources */ = {isa = PBXBuildFile; fileRef = 136561DA1B1C386B00FFF6ED /* ChatTests.swift */; };
		136561E51B1C39D400FFF6ED /* MessagesViewController.swift in Sources */ = {isa = PBXBuildFile; fileRef = 136561E41B1C39D400FFF6ED /* MessagesViewController.swift */; };
		136561EB1B1C3D6700FFF6ED /* AudioToolbox.framework in Frameworks */ = {isa = PBXBuildFile; fileRef = 136561EA1B1C3D6700FFF6ED /* AudioToolbox.framework */; };
		136561ED1B1C3D6E00FFF6ED /* CFNetwork.framework in Frameworks */ = {isa = PBXBuildFile; fileRef = 136561EC1B1C3D6E00FFF6ED /* CFNetwork.framework */; };
		136561EF1B1C3D7600FFF6ED /* CoreGraphics.framework in Frameworks */ = {isa = PBXBuildFile; fileRef = 136561EE1B1C3D7600FFF6ED /* CoreGraphics.framework */; };
		136561F11B1C3D7F00FFF6ED /* MobileCoreServices.framework in Frameworks */ = {isa = PBXBuildFile; fileRef = 136561F01B1C3D7F00FFF6ED /* MobileCoreServices.framework */; };
		136561F31B1C3D8700FFF6ED /* QuartzCore.framework in Frameworks */ = {isa = PBXBuildFile; fileRef = 136561F21B1C3D8700FFF6ED /* QuartzCore.framework */; };
		136561F51B1C3D9500FFF6ED /* Security.framework in Frameworks */ = {isa = PBXBuildFile; fileRef = 136561F41B1C3D9500FFF6ED /* Security.framework */; };
		136561F71B1C3DAB00FFF6ED /* CoreLocation.framework in Frameworks */ = {isa = PBXBuildFile; fileRef = 136561F61B1C3DAB00FFF6ED /* CoreLocation.framework */; };
		136561F91B1C3DB200FFF6ED /* StoreKit.framework in Frameworks */ = {isa = PBXBuildFile; fileRef = 136561F81B1C3DB200FFF6ED /* StoreKit.framework */; };
		136561FB1B1C3DBD00FFF6ED /* SystemConfiguration.framework in Frameworks */ = {isa = PBXBuildFile; fileRef = 136561FA1B1C3DBD00FFF6ED /* SystemConfiguration.framework */; };
		136561FD1B1C3DC700FFF6ED /* libz.dylib in Frameworks */ = {isa = PBXBuildFile; fileRef = 136561FC1B1C3DC700FFF6ED /* libz.dylib */; };
		136561FF1B1C3DD200FFF6ED /* libsqlite3.dylib in Frameworks */ = {isa = PBXBuildFile; fileRef = 136561FE1B1C3DD200FFF6ED /* libsqlite3.dylib */; };
		136562011B1C402400FFF6ED /* Parse.framework in Frameworks */ = {isa = PBXBuildFile; fileRef = 136562001B1C402400FFF6ED /* Parse.framework */; };
		136562031B1C402E00FFF6ED /* Bolts.framework in Frameworks */ = {isa = PBXBuildFile; fileRef = 136562021B1C402E00FFF6ED /* Bolts.framework */; };
		136562051B1C404800FFF6ED /* ParseUI.framework in Frameworks */ = {isa = PBXBuildFile; fileRef = 136562041B1C404800FFF6ED /* ParseUI.framework */; };
		136562071B1C405100FFF6ED /* ParseFacebookUtilsV4.framework in Frameworks */ = {isa = PBXBuildFile; fileRef = 136562061B1C405100FFF6ED /* ParseFacebookUtilsV4.framework */; };
		136562091B1C405800FFF6ED /* ParseFacebookUtils.framework in Frameworks */ = {isa = PBXBuildFile; fileRef = 136562081B1C405800FFF6ED /* ParseFacebookUtils.framework */; };
		1365620B1B1C405E00FFF6ED /* ParseCrashReporting.framework in Frameworks */ = {isa = PBXBuildFile; fileRef = 1365620A1B1C405E00FFF6ED /* ParseCrashReporting.framework */; };
/* End PBXBuildFile section */

/* Begin PBXContainerItemProxy section */
		136561D51B1C386B00FFF6ED /* PBXContainerItemProxy */ = {
			isa = PBXContainerItemProxy;
			containerPortal = 136561B71B1C386B00FFF6ED /* Project object */;
			proxyType = 1;
			remoteGlobalIDString = 136561BE1B1C386B00FFF6ED;
			remoteInfo = Chat;
		};
/* End PBXContainerItemProxy section */

/* Begin PBXFileReference section */
		136561BF1B1C386B00FFF6ED /* Chat.app */ = {isa = PBXFileReference; explicitFileType = wrapper.application; includeInIndex = 0; path = Chat.app; sourceTree = BUILT_PRODUCTS_DIR; };
		136561C31B1C386B00FFF6ED /* Info.plist */ = {isa = PBXFileReference; lastKnownFileType = text.plist.xml; path = Info.plist; sourceTree = "<group>"; };
		136561C41B1C386B00FFF6ED /* AppDelegate.swift */ = {isa = PBXFileReference; lastKnownFileType = sourcecode.swift; path = AppDelegate.swift; sourceTree = "<group>"; };
		136561C61B1C386B00FFF6ED /* LoginViewController.swift */ = {isa = PBXFileReference; lastKnownFileType = sourcecode.swift; path = LoginViewController.swift; sourceTree = "<group>"; };
		136561C91B1C386B00FFF6ED /* Base */ = {isa = PBXFileReference; lastKnownFileType = file.storyboard; name = Base; path = Base.lproj/Main.storyboard; sourceTree = "<group>"; };
		136561CB1B1C386B00FFF6ED /* Images.xcassets */ = {isa = PBXFileReference; lastKnownFileType = folder.assetcatalog; path = Images.xcassets; sourceTree = "<group>"; };
		136561CE1B1C386B00FFF6ED /* Base */ = {isa = PBXFileReference; lastKnownFileType = file.xib; name = Base; path = Base.lproj/LaunchScreen.xib; sourceTree = "<group>"; };
		136561D41B1C386B00FFF6ED /* ChatTests.xctest */ = {isa = PBXFileReference; explicitFileType = wrapper.cfbundle; includeInIndex = 0; path = ChatTests.xctest; sourceTree = BUILT_PRODUCTS_DIR; };
		136561D91B1C386B00FFF6ED /* Info.plist */ = {isa = PBXFileReference; lastKnownFileType = text.plist.xml; path = Info.plist; sourceTree = "<group>"; };
		136561DA1B1C386B00FFF6ED /* ChatTests.swift */ = {isa = PBXFileReference; lastKnownFileType = sourcecode.swift; path = ChatTests.swift; sourceTree = "<group>"; };
		136561E41B1C39D400FFF6ED /* MessagesViewController.swift */ = {isa = PBXFileReference; fileEncoding = 4; lastKnownFileType = sourcecode.swift; path = MessagesViewController.swift; sourceTree = "<group>"; };
		136561EA1B1C3D6700FFF6ED /* AudioToolbox.framework */ = {isa = PBXFileReference; lastKnownFileType = wrapper.framework; name = AudioToolbox.framework; path = System/Library/Frameworks/AudioToolbox.framework; sourceTree = SDKROOT; };
		136561EC1B1C3D6E00FFF6ED /* CFNetwork.framework */ = {isa = PBXFileReference; lastKnownFileType = wrapper.framework; name = CFNetwork.framework; path = System/Library/Frameworks/CFNetwork.framework; sourceTree = SDKROOT; };
		136561EE1B1C3D7600FFF6ED /* CoreGraphics.framework */ = {isa = PBXFileReference; lastKnownFileType = wrapper.framework; name = CoreGraphics.framework; path = System/Library/Frameworks/CoreGraphics.framework; sourceTree = SDKROOT; };
		136561F01B1C3D7F00FFF6ED /* MobileCoreServices.framework */ = {isa = PBXFileReference; lastKnownFileType = wrapper.framework; name = MobileCoreServices.framework; path = System/Library/Frameworks/MobileCoreServices.framework; sourceTree = SDKROOT; };
		136561F21B1C3D8700FFF6ED /* QuartzCore.framework */ = {isa = PBXFileReference; lastKnownFileType = wrapper.framework; name = QuartzCore.framework; path = System/Library/Frameworks/QuartzCore.framework; sourceTree = SDKROOT; };
		136561F41B1C3D9500FFF6ED /* Security.framework */ = {isa = PBXFileReference; lastKnownFileType = wrapper.framework; name = Security.framework; path = System/Library/Frameworks/Security.framework; sourceTree = SDKROOT; };
		136561F61B1C3DAB00FFF6ED /* CoreLocation.framework */ = {isa = PBXFileReference; lastKnownFileType = wrapper.framework; name = CoreLocation.framework; path = System/Library/Frameworks/CoreLocation.framework; sourceTree = SDKROOT; };
		136561F81B1C3DB200FFF6ED /* StoreKit.framework */ = {isa = PBXFileReference; lastKnownFileType = wrapper.framework; name = StoreKit.framework; path = System/Library/Frameworks/StoreKit.framework; sourceTree = SDKROOT; };
		136561FA1B1C3DBD00FFF6ED /* SystemConfiguration.framework */ = {isa = PBXFileReference; lastKnownFileType = wrapper.framework; name = SystemConfiguration.framework; path = System/Library/Frameworks/SystemConfiguration.framework; sourceTree = SDKROOT; };
		136561FC1B1C3DC700FFF6ED /* libz.dylib */ = {isa = PBXFileReference; lastKnownFileType = "compiled.mach-o.dylib"; name = libz.dylib; path = usr/lib/libz.dylib; sourceTree = SDKROOT; };
		136561FE1B1C3DD200FFF6ED /* libsqlite3.dylib */ = {isa = PBXFileReference; lastKnownFileType = "compiled.mach-o.dylib"; name = libsqlite3.dylib; path = usr/lib/libsqlite3.dylib; sourceTree = SDKROOT; };
		136562001B1C402400FFF6ED /* Parse.framework */ = {isa = PBXFileReference; lastKnownFileType = wrapper.framework; name = Parse.framework; path = "../../parse-library-1.7.4/Parse.framework"; sourceTree = "<group>"; };
		136562021B1C402E00FFF6ED /* Bolts.framework */ = {isa = PBXFileReference; lastKnownFileType = wrapper.framework; name = Bolts.framework; path = "../../parse-library-1.7.4/Bolts.framework"; sourceTree = "<group>"; };
		136562041B1C404800FFF6ED /* ParseUI.framework */ = {isa = PBXFileReference; lastKnownFileType = wrapper.framework; name = ParseUI.framework; path = "../../parse-library-1.7.4/ParseUI.framework"; sourceTree = "<group>"; };
		136562061B1C405100FFF6ED /* ParseFacebookUtilsV4.framework */ = {isa = PBXFileReference; lastKnownFileType = wrapper.framework; name = ParseFacebookUtilsV4.framework; path = "../../parse-library-1.7.4/ParseFacebookUtilsV4.framework"; sourceTree = "<group>"; };
		136562081B1C405800FFF6ED /* ParseFacebookUtils.framework */ = {isa = PBXFileReference; lastKnownFileType = wrapper.framework; name = ParseFacebookUtils.framework; path = "../../parse-library-1.7.4/ParseFacebookUtils.framework"; sourceTree = "<group>"; };
		1365620A1B1C405E00FFF6ED /* ParseCrashReporting.framework */ = {isa = PBXFileReference; lastKnownFileType = wrapper.framework; name = ParseCrashReporting.framework; path = "../../parse-library-1.7.4/ParseCrashReporting.framework"; sourceTree = "<group>"; };
/* End PBXFileReference section */

/* Begin PBXFrameworksBuildPhase section */
		136561BC1B1C386B00FFF6ED /* Frameworks */ = {
			isa = PBXFrameworksBuildPhase;
			buildActionMask = 2147483647;
			files = (
				136561FF1B1C3DD200FFF6ED /* libsqlite3.dylib in Frameworks */,
				136561FD1B1C3DC700FFF6ED /* libz.dylib in Frameworks */,
				136562051B1C404800FFF6ED /* ParseUI.framework in Frameworks */,
				1365620B1B1C405E00FFF6ED /* ParseCrashReporting.framework in Frameworks */,
				136561FB1B1C3DBD00FFF6ED /* SystemConfiguration.framework in Frameworks */,
				136561F91B1C3DB200FFF6ED /* StoreKit.framework in Frameworks */,
				136561F71B1C3DAB00FFF6ED /* CoreLocation.framework in Frameworks */,
				136561F51B1C3D9500FFF6ED /* Security.framework in Frameworks */,
				136561F31B1C3D8700FFF6ED /* QuartzCore.framework in Frameworks */,
				136562031B1C402E00FFF6ED /* Bolts.framework in Frameworks */,
				136561F11B1C3D7F00FFF6ED /* MobileCoreServices.framework in Frameworks */,
				136561EF1B1C3D7600FFF6ED /* CoreGraphics.framework in Frameworks */,
				136561ED1B1C3D6E00FFF6ED /* CFNetwork.framework in Frameworks */,
				136562011B1C402400FFF6ED /* Parse.framework in Frameworks */,
				136561EB1B1C3D6700FFF6ED /* AudioToolbox.framework in Frameworks */,
				136562091B1C405800FFF6ED /* ParseFacebookUtils.framework in Frameworks */,
				136562071B1C405100FFF6ED /* ParseFacebookUtilsV4.framework in Frameworks */,
			);
			runOnlyForDeploymentPostprocessing = 0;
		};
		136561D11B1C386B00FFF6ED /* Frameworks */ = {
			isa = PBXFrameworksBuildPhase;
			buildActionMask = 2147483647;
			files = (
			);
			runOnlyForDeploymentPostprocessing = 0;
		};
/* End PBXFrameworksBuildPhase section */

/* Begin PBXGroup section */
		136561B61B1C386B00FFF6ED = {
			isa = PBXGroup;
			children = (
				136561C11B1C386B00FFF6ED /* Chat */,
				136561D71B1C386B00FFF6ED /* ChatTests */,
				136561C01B1C386B00FFF6ED /* Products */,
				136562001B1C402400FFF6ED /* Parse.framework */,
				136562021B1C402E00FFF6ED /* Bolts.framework */,
				1365620A1B1C405E00FFF6ED /* ParseCrashReporting.framework */,
				136562081B1C405800FFF6ED /* ParseFacebookUtils.framework */,
				136562061B1C405100FFF6ED /* ParseFacebookUtilsV4.framework */,
				136562041B1C404800FFF6ED /* ParseUI.framework */,
				136561FE1B1C3DD200FFF6ED /* libsqlite3.dylib */,
				136561FC1B1C3DC700FFF6ED /* libz.dylib */,
				136561FA1B1C3DBD00FFF6ED /* SystemConfiguration.framework */,
				136561F81B1C3DB200FFF6ED /* StoreKit.framework */,
				136561F61B1C3DAB00FFF6ED /* CoreLocation.framework */,
				136561F41B1C3D9500FFF6ED /* Security.framework */,
				136561F21B1C3D8700FFF6ED /* QuartzCore.framework */,
				136561F01B1C3D7F00FFF6ED /* MobileCoreServices.framework */,
				136561EE1B1C3D7600FFF6ED /* CoreGraphics.framework */,
				136561EC1B1C3D6E00FFF6ED /* CFNetwork.framework */,
				136561EA1B1C3D6700FFF6ED /* AudioToolbox.framework */,
			);
			sourceTree = "<group>";
		};
		136561C01B1C386B00FFF6ED /* Products */ = {
			isa = PBXGroup;
			children = (
				136561BF1B1C386B00FFF6ED /* Chat.app */,
				136561D41B1C386B00FFF6ED /* ChatTests.xctest */,
			);
			name = Products;
			sourceTree = "<group>";
		};
		136561C11B1C386B00FFF6ED /* Chat */ = {
			isa = PBXGroup;
			children = (
				136561C41B1C386B00FFF6ED /* AppDelegate.swift */,
				136561C61B1C386B00FFF6ED /* LoginViewController.swift */,
				136561E41B1C39D400FFF6ED /* MessagesViewController.swift */,
				136561C81B1C386B00FFF6ED /* Main.storyboard */,
				136561CB1B1C386B00FFF6ED /* Images.xcassets */,
				136561CD1B1C386B00FFF6ED /* LaunchScreen.xib */,
				136561C21B1C386B00FFF6ED /* Supporting Files */,
			);
			path = Chat;
			sourceTree = "<group>";
		};
		136561C21B1C386B00FFF6ED /* Supporting Files */ = {
			isa = PBXGroup;
			children = (
				136561C31B1C386B00FFF6ED /* Info.plist */,
			);
			name = "Supporting Files";
			sourceTree = "<group>";
		};
		136561D71B1C386B00FFF6ED /* ChatTests */ = {
			isa = PBXGroup;
			children = (
				136561DA1B1C386B00FFF6ED /* ChatTests.swift */,
				136561D81B1C386B00FFF6ED /* Supporting Files */,
			);
			path = ChatTests;
			sourceTree = "<group>";
		};
		136561D81B1C386B00FFF6ED /* Supporting Files */ = {
			isa = PBXGroup;
			children = (
				136561D91B1C386B00FFF6ED /* Info.plist */,
			);
			name = "Supporting Files";
			sourceTree = "<group>";
		};
/* End PBXGroup section */

/* Begin PBXNativeTarget section */
		136561BE1B1C386B00FFF6ED /* Chat */ = {
			isa = PBXNativeTarget;
			buildConfigurationList = 136561DE1B1C386B00FFF6ED /* Build configuration list for PBXNativeTarget "Chat" */;
			buildPhases = (
				136561BB1B1C386B00FFF6ED /* Sources */,
				136561BC1B1C386B00FFF6ED /* Frameworks */,
				136561BD1B1C386B00FFF6ED /* Resources */,
			);
			buildRules = (
			);
			dependencies = (
			);
			name = Chat;
			productName = Chat;
			productReference = 136561BF1B1C386B00FFF6ED /* Chat.app */;
			productType = "com.apple.product-type.application";
		};
		136561D31B1C386B00FFF6ED /* ChatTests */ = {
			isa = PBXNativeTarget;
			buildConfigurationList = 136561E11B1C386B00FFF6ED /* Build configuration list for PBXNativeTarget "ChatTests" */;
			buildPhases = (
				136561D01B1C386B00FFF6ED /* Sources */,
				136561D11B1C386B00FFF6ED /* Frameworks */,
				136561D21B1C386B00FFF6ED /* Resources */,
			);
			buildRules = (
			);
			dependencies = (
				136561D61B1C386B00FFF6ED /* PBXTargetDependency */,
			);
			name = ChatTests;
			productName = ChatTests;
			productReference = 136561D41B1C386B00FFF6ED /* ChatTests.xctest */;
			productType = "com.apple.product-type.bundle.unit-test";
		};
/* End PBXNativeTarget section */

/* Begin PBXProject section */
		136561B71B1C386B00FFF6ED /* Project object */ = {
			isa = PBXProject;
			attributes = {
				LastUpgradeCheck = 0630;
				ORGANIZATIONNAME = "Michael Ellison";
				TargetAttributes = {
					136561BE1B1C386B00FFF6ED = {
						CreatedOnToolsVersion = 6.3.2;
					};
					136561D31B1C386B00FFF6ED = {
						CreatedOnToolsVersion = 6.3.2;
						TestTargetID = 136561BE1B1C386B00FFF6ED;
					};
				};
			};
			buildConfigurationList = 136561BA1B1C386B00FFF6ED /* Build configuration list for PBXProject "Chat" */;
			compatibilityVersion = "Xcode 3.2";
			developmentRegion = English;
			hasScannedForEncodings = 0;
			knownRegions = (
				en,
				Base,
			);
			mainGroup = 136561B61B1C386B00FFF6ED;
			productRefGroup = 136561C01B1C386B00FFF6ED /* Products */;
			projectDirPath = "";
			projectRoot = "";
			targets = (
				136561BE1B1C386B00FFF6ED /* Chat */,
				136561D31B1C386B00FFF6ED /* ChatTests */,
			);
		};
/* End PBXProject section */

/* Begin PBXResourcesBuildPhase section */
		136561BD1B1C386B00FFF6ED /* Resources */ = {
			isa = PBXResourcesBuildPhase;
			buildActionMask = 2147483647;
			files = (
				136561CA1B1C386B00FFF6ED /* Main.storyboard in Resources */,
				136561CF1B1C386B00FFF6ED /* LaunchScreen.xib in Resources */,
				136561CC1B1C386B00FFF6ED /* Images.xcassets in Resources */,
			);
			runOnlyForDeploymentPostprocessing = 0;
		};
		136561D21B1C386B00FFF6ED /* Resources */ = {
			isa = PBXResourcesBuildPhase;
			buildActionMask = 2147483647;
			files = (
			);
			runOnlyForDeploymentPostprocessing = 0;
		};
/* End PBXResourcesBuildPhase section */

/* Begin PBXSourcesBuildPhase section */
		136561BB1B1C386B00FFF6ED /* Sources */ = {
			isa = PBXSourcesBuildPhase;
			buildActionMask = 2147483647;
			files = (
				136561E51B1C39D400FFF6ED /* MessagesViewController.swift in Sources */,
				136561C71B1C386B00FFF6ED /* LoginViewController.swift in Sources */,
				136561C51B1C386B00FFF6ED /* AppDelegate.swift in Sources */,
			);
			runOnlyForDeploymentPostprocessing = 0;
		};
		136561D01B1C386B00FFF6ED /* Sources */ = {
			isa = PBXSourcesBuildPhase;
			buildActionMask = 2147483647;
			files = (
				136561DB1B1C386B00FFF6ED /* ChatTests.swift in Sources */,
			);
			runOnlyForDeploymentPostprocessing = 0;
		};
/* End PBXSourcesBuildPhase section */

/* Begin PBXTargetDependency section */
		136561D61B1C386B00FFF6ED /* PBXTargetDependency */ = {
			isa = PBXTargetDependency;
			target = 136561BE1B1C386B00FFF6ED /* Chat */;
			targetProxy = 136561D51B1C386B00FFF6ED /* PBXContainerItemProxy */;
		};
/* End PBXTargetDependency section */

/* Begin PBXVariantGroup section */
		136561C81B1C386B00FFF6ED /* Main.storyboard */ = {
			isa = PBXVariantGroup;
			children = (
				136561C91B1C386B00FFF6ED /* Base */,
			);
			name = Main.storyboard;
			sourceTree = "<group>";
		};
		136561CD1B1C386B00FFF6ED /* LaunchScreen.xib */ = {
			isa = PBXVariantGroup;
			children = (
				136561CE1B1C386B00FFF6ED /* Base */,
			);
			name = LaunchScreen.xib;
			sourceTree = "<group>";
		};
/* End PBXVariantGroup section */

/* Begin XCBuildConfiguration section */
		136561DC1B1C386B00FFF6ED /* Debug */ = {
			isa = XCBuildConfiguration;
			buildSettings = {
				ALWAYS_SEARCH_USER_PATHS = NO;
				CLANG_CXX_LANGUAGE_STANDARD = "gnu++0x";
				CLANG_CXX_LIBRARY = "libc++";
				CLANG_ENABLE_MODULES = YES;
				CLANG_ENABLE_OBJC_ARC = YES;
				CLANG_WARN_BOOL_CONVERSION = YES;
				CLANG_WARN_CONSTANT_CONVERSION = YES;
				CLANG_WARN_DIRECT_OBJC_ISA_USAGE = YES_ERROR;
				CLANG_WARN_EMPTY_BODY = YES;
				CLANG_WARN_ENUM_CONVERSION = YES;
				CLANG_WARN_INT_CONVERSION = YES;
				CLANG_WARN_OBJC_ROOT_CLASS = YES_ERROR;
				CLANG_WARN_UNREACHABLE_CODE = YES;
				CLANG_WARN__DUPLICATE_METHOD_MATCH = YES;
				"CODE_SIGN_IDENTITY[sdk=iphoneos*]" = "iPhone Developer";
				COPY_PHASE_STRIP = NO;
				DEBUG_INFORMATION_FORMAT = "dwarf-with-dsym";
				ENABLE_STRICT_OBJC_MSGSEND = YES;
				GCC_C_LANGUAGE_STANDARD = gnu99;
				GCC_DYNAMIC_NO_PIC = NO;
				GCC_NO_COMMON_BLOCKS = YES;
				GCC_OPTIMIZATION_LEVEL = 0;
				GCC_PREPROCESSOR_DEFINITIONS = (
					"DEBUG=1",
					"$(inherited)",
				);
				GCC_SYMBOLS_PRIVATE_EXTERN = NO;
				GCC_WARN_64_TO_32_BIT_CONVERSION = YES;
				GCC_WARN_ABOUT_RETURN_TYPE = YES_ERROR;
				GCC_WARN_UNDECLARED_SELECTOR = YES;
				GCC_WARN_UNINITIALIZED_AUTOS = YES_AGGRESSIVE;
				GCC_WARN_UNUSED_FUNCTION = YES;
				GCC_WARN_UNUSED_VARIABLE = YES;
				IPHONEOS_DEPLOYMENT_TARGET = 8.3;
				MTL_ENABLE_DEBUG_INFO = YES;
				ONLY_ACTIVE_ARCH = YES;
				SDKROOT = iphoneos;
				SWIFT_OPTIMIZATION_LEVEL = "-Onone";
			};
			name = Debug;
		};
		136561DD1B1C386B00FFF6ED /* Release */ = {
			isa = XCBuildConfiguration;
			buildSettings = {
				ALWAYS_SEARCH_USER_PATHS = NO;
				CLANG_CXX_LANGUAGE_STANDARD = "gnu++0x";
				CLANG_CXX_LIBRARY = "libc++";
				CLANG_ENABLE_MODULES = YES;
				CLANG_ENABLE_OBJC_ARC = YES;
				CLANG_WARN_BOOL_CONVERSION = YES;
				CLANG_WARN_CONSTANT_CONVERSION = YES;
				CLANG_WARN_DIRECT_OBJC_ISA_USAGE = YES_ERROR;
				CLANG_WARN_EMPTY_BODY = YES;
				CLANG_WARN_ENUM_CONVERSION = YES;
				CLANG_WARN_INT_CONVERSION = YES;
				CLANG_WARN_OBJC_ROOT_CLASS = YES_ERROR;
				CLANG_WARN_UNREACHABLE_CODE = YES;
				CLANG_WARN__DUPLICATE_METHOD_MATCH = YES;
				"CODE_SIGN_IDENTITY[sdk=iphoneos*]" = "iPhone Developer";
				COPY_PHASE_STRIP = NO;
				DEBUG_INFORMATION_FORMAT = "dwarf-with-dsym";
				ENABLE_NS_ASSERTIONS = NO;
				ENABLE_STRICT_OBJC_MSGSEND = YES;
				GCC_C_LANGUAGE_STANDARD = gnu99;
				GCC_NO_COMMON_BLOCKS = YES;
				GCC_WARN_64_TO_32_BIT_CONVERSION = YES;
				GCC_WARN_ABOUT_RETURN_TYPE = YES_ERROR;
				GCC_WARN_UNDECLARED_SELECTOR = YES;
				GCC_WARN_UNINITIALIZED_AUTOS = YES_AGGRESSIVE;
				GCC_WARN_UNUSED_FUNCTION = YES;
				GCC_WARN_UNUSED_VARIABLE = YES;
				IPHONEOS_DEPLOYMENT_TARGET = 8.3;
				MTL_ENABLE_DEBUG_INFO = NO;
				SDKROOT = iphoneos;
				VALIDATE_PRODUCT = YES;
			};
			name = Release;
		};
		136561DF1B1C386B00FFF6ED /* Debug */ = {
			isa = XCBuildConfiguration;
			buildSettings = {
				ASSETCATALOG_COMPILER_APPICON_NAME = AppIcon;
				FRAMEWORK_SEARCH_PATHS = (
					"$(inherited)",
					"/Users/michaelellison1/Dropbox/Programming/parse-library-1.7.4",
				);
				INFOPLIST_FILE = Chat/Info.plist;
				LD_RUNPATH_SEARCH_PATHS = "$(inherited) @executable_path/Frameworks";
				PRODUCT_NAME = "$(TARGET_NAME)";
			};
			name = Debug;
		};
		136561E01B1C386B00FFF6ED /* Release */ = {
			isa = XCBuildConfiguration;
			buildSettings = {
				ASSETCATALOG_COMPILER_APPICON_NAME = AppIcon;
				FRAMEWORK_SEARCH_PATHS = (
					"$(inherited)",
					"/Users/michaelellison1/Dropbox/Programming/parse-library-1.7.4",
				);
				INFOPLIST_FILE = Chat/Info.plist;
				LD_RUNPATH_SEARCH_PATHS = "$(inherited) @executable_path/Frameworks";
				PRODUCT_NAME = "$(TARGET_NAME)";
			};
			name = Release;
		};
		136561E21B1C386B00FFF6ED /* Debug */ = {
			isa = XCBuildConfiguration;
			buildSettings = {
				BUNDLE_LOADER = "$(TEST_HOST)";
				FRAMEWORK_SEARCH_PATHS = (
					"$(SDKROOT)/Developer/Library/Frameworks",
					"$(inherited)",
				);
				GCC_PREPROCESSOR_DEFINITIONS = (
					"DEBUG=1",
					"$(inherited)",
				);
				INFOPLIST_FILE = ChatTests/Info.plist;
				LD_RUNPATH_SEARCH_PATHS = "$(inherited) @executable_path/Frameworks @loader_path/Frameworks";
				PRODUCT_NAME = "$(TARGET_NAME)";
				TEST_HOST = "$(BUILT_PRODUCTS_DIR)/Chat.app/Chat";
			};
			name = Debug;
		};
		136561E31B1C386B00FFF6ED /* Release */ = {
			isa = XCBuildConfiguration;
			buildSettings = {
				BUNDLE_LOADER = "$(TEST_HOST)";
				FRAMEWORK_SEARCH_PATHS = (
					"$(SDKROOT)/Developer/Library/Frameworks",
					"$(inherited)",
				);
				INFOPLIST_FILE = ChatTests/Info.plist;
				LD_RUNPATH_SEARCH_PATHS = "$(inherited) @executable_path/Frameworks @loader_path/Frameworks";
				PRODUCT_NAME = "$(TARGET_NAME)";
				TEST_HOST = "$(BUILT_PRODUCTS_DIR)/Chat.app/Chat";
			};
			name = Release;
		};
/* End XCBuildConfiguration section */

/* Begin XCConfigurationList section */
		136561BA1B1C386B00FFF6ED /* Build configuration list for PBXProject "Chat" */ = {
			isa = XCConfigurationList;
			buildConfigurations = (
				136561DC1B1C386B00FFF6ED /* Debug */,
				136561DD1B1C386B00FFF6ED /* Release */,
			);
			defaultConfigurationIsVisible = 0;
			defaultConfigurationName = Release;
		};
		136561DE1B1C386B00FFF6ED /* Build configuration list for PBXNativeTarget "Chat" */ = {
			isa = XCConfigurationList;
			buildConfigurations = (
				136561DF1B1C386B00FFF6ED /* Debug */,
				136561E01B1C386B00FFF6ED /* Release */,
			);
			defaultConfigurationIsVisible = 0;
		};
		136561E11B1C386B00FFF6ED /* Build configuration list for PBXNativeTarget "ChatTests" */ = {
			isa = XCConfigurationList;
			buildConfigurations = (
				136561E21B1C386B00FFF6ED /* Debug */,
				136561E31B1C386B00FFF6ED /* Release */,
			);
			defaultConfigurationIsVisible = 0;
		};
/* End XCConfigurationList section */
	};
	rootObject = 136561B71B1C386B00FFF6ED /* Project object */;
}
